
Microsoft Visual Studio Solution File, Format Version 12.00
# Visual Studio Version 16
VisualStudioVersion = 16.0.29503.13
MinimumVisualStudioVersion = 10.0.40219.1
Project("{9A19103F-16F7-4668-BE54-9A1E7A4F7556}") = "Lingkail.VMS", "VMS\Lingkail.VMS.csproj", "{348B30C7-D7A8-474E-A69F-7CC91C426A5B}"
	ProjectSection(ProjectDependencies) = postProject
		{3B5DBEEA-3198-48F4-A9BC-3097A5650A60} = {3B5DBEEA-3198-48F4-A9BC-3097A5650A60}
	EndProjectSection
EndProject
Project("{9A19103F-16F7-4668-BE54-9A1E7A4F7556}") = "Lingkail.Apilibraries", "Apilibraries\Lingkail.Apilibraries.csproj", "{3B5DBEEA-3198-48F4-A9BC-3097A5650A60}"
EndProject
Project("{9A19103F-16F7-4668-BE54-9A1E7A4F7556}") = "CCTV", "CCTV\CCTV.csproj", "{C24E498E-3341-408A-9425-34A8308E59A4}"
EndProject
Global
	GlobalSection(SolutionConfigurationPlatforms) = preSolution
		Debug|Any CPU = Debug|Any CPU
		Debug|x64 = Debug|x64
		Debug|x86 = Debug|x86
		Release|Any CPU = Release|Any CPU
		Release|x64 = Release|x64
		Release|x86 = Release|x86
	EndGlobalSection
	GlobalSection(ProjectConfigurationPlatforms) = postSolution
		{348B30C7-D7A8-474E-A69F-7CC91C426A5B}.Debug|Any CPU.ActiveCfg = Debug|Any CPU
		{348B30C7-D7A8-474E-A69F-7CC91C426A5B}.Debug|Any CPU.Build.0 = Debug|Any CPU
		{348B30C7-D7A8-474E-A69F-7CC91C426A5B}.Debug|x64.ActiveCfg = Debug|Any CPU
		{348B30C7-D7A8-474E-A69F-7CC91C426A5B}.Debug|x64.Build.0 = Debug|Any CPU
		{348B30C7-D7A8-474E-A69F-7CC91C426A5B}.Debug|x86.ActiveCfg = Debug|Any CPU
		{348B30C7-D7A8-474E-A69F-7CC91C426A5B}.Debug|x86.Build.0 = Debug|Any CPU
		{348B30C7-D7A8-474E-A69F-7CC91C426A5B}.Release|Any CPU.ActiveCfg = Release|Any CPU
		{348B30C7-D7A8-474E-A69F-7CC91C426A5B}.Release|Any CPU.Build.0 = Release|Any CPU
		{348B30C7-D7A8-474E-A69F-7CC91C426A5B}.Release|x64.ActiveCfg = Release|Any CPU
		{348B30C7-D7A8-474E-A69F-7CC91C426A5B}.Release|x64.Build.0 = Release|Any CPU
		{348B30C7-D7A8-474E-A69F-7CC91C426A5B}.Release|x86.ActiveCfg = Release|Any CPU
		{348B30C7-D7A8-474E-A69F-7CC91C426A5B}.Release|x86.Build.0 = Release|Any CPU
		{3B5DBEEA-3198-48F4-A9BC-3097A5650A60}.Debug|Any CPU.ActiveCfg = Debug|Any CPU
		{3B5DBEEA-3198-48F4-A9BC-3097A5650A60}.Debug|Any CPU.Build.0 = Debug|Any CPU
		{3B5DBEEA-3198-48F4-A9BC-3097A5650A60}.Debug|x64.ActiveCfg = Debug|Any CPU
		{3B5DBEEA-3198-48F4-A9BC-3097A5650A60}.Debug|x64.Build.0 = Debug|Any CPU
		{3B5DBEEA-3198-48F4-A9BC-3097A5650A60}.Debug|x86.ActiveCfg = Debug|Any CPU
		{3B5DBEEA-3198-48F4-A9BC-3097A5650A60}.Debug|x86.Build.0 = Debug|Any CPU
		{3B5DBEEA-3198-48F4-A9BC-3097A5650A60}.Release|Any CPU.ActiveCfg = Release|Any CPU
		{3B5DBEEA-3198-48F4-A9BC-3097A5650A60}.Release|Any CPU.Build.0 = Release|Any CPU
		{3B5DBEEA-3198-48F4-A9BC-3097A5650A60}.Release|x64.ActiveCfg = Release|Any CPU
		{3B5DBEEA-3198-48F4-A9BC-3097A5650A60}.Release|x64.Build.0 = Release|Any CPU
		{3B5DBEEA-3198-48F4-A9BC-3097A5650A60}.Release|x86.ActiveCfg = Release|Any CPU
		{3B5DBEEA-3198-48F4-A9BC-3097A5650A60}.Release|x86.Build.0 = Release|Any CPU
		{C24E498E-3341-408A-9425-34A8308E59A4}.Debug|Any CPU.ActiveCfg = Debug|Any CPU
		{C24E498E-3341-408A-9425-34A8308E59A4}.Debug|Any CPU.Build.0 = Debug|Any CPU
		{C24E498E-3341-408A-9425-34A8308E59A4}.Debug|x64.ActiveCfg = Debug|Any CPU
		{C24E498E-3341-408A-9425-34A8308E59A4}.Debug|x64.Build.0 = Debug|Any CPU
		{C24E498E-3341-408A-9425-34A8308E59A4}.Debug|x86.ActiveCfg = Debug|Any CPU
		{C24E498E-3341-408A-9425-34A8308E59A4}.Debug|x86.Build.0 = Debug|Any CPU
		{C24E498E-3341-408A-9425-34A8308E59A4}.Release|Any CPU.ActiveCfg = Release|Any CPU
		{C24E498E-3341-408A-9425-34A8308E59A4}.Release|Any CPU.Build.0 = Release|Any CPU
		{C24E498E-3341-408A-9425-34A8308E59A4}.Release|x64.ActiveCfg = Release|Any CPU
		{C24E498E-3341-408A-9425-34A8308E59A4}.Release|x64.Build.0 = Release|Any CPU
		{C24E498E-3341-408A-9425-34A8308E59A4}.Release|x86.ActiveCfg = Release|Any CPU
		{C24E498E-3341-408A-9425-34A8308E59A4}.Release|x86.Build.0 = Release|Any CPU
	EndGlobalSection
	GlobalSection(SolutionProperties) = preSolution
		HideSolutionNode = FALSE
	EndGlobalSection
	GlobalSection(ExtensibilityGlobals) = postSolution
		SolutionGuid = {EB469AD2-FF0E-4B08-A0BD-4FCC25B0083B}
	EndGlobalSection
EndGlobal
